
Microsoft Visual Studio Solution File, Format Version 12.00
# Visual Studio Version 16
VisualStudioVersion = 16.0.30104.148
MinimumVisualStudioVersion = 10.0.40219.1
Project("{FAE04EC0-301F-11D3-BF4B-00C04F79EFBC}") = "Promotion.Model", "Promotion.Model\Promotion.Model.csproj", "{57F331C7-AF79-46EC-9F51-E36B44A847D6}"
EndProject
Project("{FAE04EC0-301F-11D3-BF4B-00C04F79EFBC}") = "Promotion.Service", "Promotion.Service\Promotion.Service.csproj", "{A29F0AD6-4A9D-422B-8FCC-F64DEEFB98EE}"
EndProject
Project("{FAE04EC0-301F-11D3-BF4B-00C04F79EFBC}") = "Promotion.Test", "Promotion.Test\Promotion.Test.csproj", "{F7BCF2DD-4421-4A8C-AF26-6FDD3A335D9A}"
EndProject
Global
	GlobalSection(SolutionConfigurationPlatforms) = preSolution
		Debug|Any CPU = Debug|Any CPU
		Release|Any CPU = Release|Any CPU
	EndGlobalSection
	GlobalSection(ProjectConfigurationPlatforms) = postSolution
		{57F331C7-AF79-46EC-9F51-E36B44A847D6}.Debug|Any CPU.ActiveCfg = Debug|Any CPU
		{57F331C7-AF79-46EC-9F51-E36B44A847D6}.Debug|Any CPU.Build.0 = Debug|Any CPU
		{57F331C7-AF79-46EC-9F51-E36B44A847D6}.Release|Any CPU.ActiveCfg = Release|Any CPU
		{57F331C7-AF79-46EC-9F51-E36B44A847D6}.Release|Any CPU.Build.0 = Release|Any CPU
		{A29F0AD6-4A9D-422B-8FCC-F64DEEFB98EE}.Debug|Any CPU.ActiveCfg = Debug|Any CPU
		{A29F0AD6-4A9D-422B-8FCC-F64DEEFB98EE}.Debug|Any CPU.Build.0 = Debug|Any CPU
		{A29F0AD6-4A9D-422B-8FCC-F64DEEFB98EE}.Release|Any CPU.ActiveCfg = Release|Any CPU
		{A29F0AD6-4A9D-422B-8FCC-F64DEEFB98EE}.Release|Any CPU.Build.0 = Release|Any CPU
		{F7BCF2DD-4421-4A8C-AF26-6FDD3A335D9A}.Debug|Any CPU.ActiveCfg = Debug|Any CPU
		{F7BCF2DD-4421-4A8C-AF26-6FDD3A335D9A}.Debug|Any CPU.Build.0 = Debug|Any CPU
		{F7BCF2DD-4421-4A8C-AF26-6FDD3A335D9A}.Release|Any CPU.ActiveCfg = Release|Any CPU
		{F7BCF2DD-4421-4A8C-AF26-6FDD3A335D9A}.Release|Any CPU.Build.0 = Release|Any CPU
	EndGlobalSection
	GlobalSection(SolutionProperties) = preSolution
		HideSolutionNode = FALSE
	EndGlobalSection
	GlobalSection(ExtensibilityGlobals) = postSolution
		SolutionGuid = {3A7E81D7-7BAE-4E4F-BC85-21A39ABAB28B}
	EndGlobalSection
EndGlobal
